
Microsoft Visual Studio Solution File, Format Version 12.00
# Visual Studio 15
VisualStudioVersion = 15.0.27130.2036
MinimumVisualStudioVersion = 10.0.40219.1
Project("{FAE04EC0-301F-11D3-BF4B-00C04F79EFBC}") = "Calculator", "Calculator\Calculator.csproj", "{F4082B1B-055C-491E-9358-CB81D6DFBDA3}"
EndProject
Global
	GlobalSection(SolutionConfigurationPlatforms) = preSolution
		Debug|Any CPU = Debug|Any CPU
		Release|Any CPU = Release|Any CPU
	EndGlobalSection
	GlobalSection(ProjectConfigurationPlatforms) = postSolution
		{F4082B1B-055C-491E-9358-CB81D6DFBDA3}.Debug|Any CPU.ActiveCfg = Debug|Any CPU
		{F4082B1B-055C-491E-9358-CB81D6DFBDA3}.Debug|Any CPU.Build.0 = Debug|Any CPU
		{F4082B1B-055C-491E-9358-CB81D6DFBDA3}.Release|Any CPU.ActiveCfg = Release|Any CPU
		{F4082B1B-055C-491E-9358-CB81D6DFBDA3}.Release|Any CPU.Build.0 = Release|Any CPU
	EndGlobalSection
	GlobalSection(SolutionProperties) = preSolution
		HideSolutionNode = FALSE
	EndGlobalSection
	GlobalSection(ExtensibilityGlobals) = postSolution
		SolutionGuid = {A039849E-0489-4423-9280-7F81A2D676A9}
	EndGlobalSection
EndGlobal
